// !$*UTF8*$!
{
	archiveVersion = 1;
	classes = {
	};
	objectVersion = 46;
	objects = {

/* Begin PBXBuildFile section */
		EE653C8D1ED776D4008EDD5E /* AppDelegate.swift in Sources */ = {isa = PBXBuildFile; fileRef = EE653C8C1ED776D4008EDD5E /* AppDelegate.swift */; };
		EE653C8F1ED776D4008EDD5E /* ViewController.swift in Sources */ = {isa = PBXBuildFile; fileRef = EE653C8E1ED776D4008EDD5E /* ViewController.swift */; };
		EE653C921ED776D4008EDD5E /* Main.storyboard in Resources */ = {isa = PBXBuildFile; fileRef = EE653C901ED776D4008EDD5E /* Main.storyboard */; };
		EE653C941ED776D4008EDD5E /* Assets.xcassets in Resources */ = {isa = PBXBuildFile; fileRef = EE653C931ED776D4008EDD5E /* Assets.xcassets */; };
		EE653C971ED776D4008EDD5E /* LaunchScreen.storyboard in Resources */ = {isa = PBXBuildFile; fileRef = EE653C951ED776D4008EDD5E /* LaunchScreen.storyboard */; };
		EE653CA11ED77DD5008EDD5E /* botaogerar-pressionado.png in Resources */ = {isa = PBXBuildFile; fileRef = EE653C9E1ED77DD5008EDD5E /* botaogerar-pressionado.png */; };
		EE653CA21ED77DD5008EDD5E /* botaogerar.png in Resources */ = {isa = PBXBuildFile; fileRef = EE653C9F1ED77DD5008EDD5E /* botaogerar.png */; };
		EE653CA31ED77DD5008EDD5E /* logo.png in Resources */ = {isa = PBXBuildFile; fileRef = EE653CA01ED77DD5008EDD5E /* logo.png */; };
/* End PBXBuildFile section */

/* Begin PBXFileReference section */
		EE653C891ED776D4008EDD5E /* App Sorteio.app */ = {isa = PBXFileReference; explicitFileType = wrapper.application; includeInIndex = 0; path = "App Sorteio.app"; sourceTree = BUILT_PRODUCTS_DIR; };
		EE653C8C1ED776D4008EDD5E /* AppDelegate.swift */ = {isa = PBXFileReference; lastKnownFileType = sourcecode.swift; path = AppDelegate.swift; sourceTree = "<group>"; };
		EE653C8E1ED776D4008EDD5E /* ViewController.swift */ = {isa = PBXFileReference; lastKnownFileType = sourcecode.swift; path = ViewController.swift; sourceTree = "<group>"; };
		EE653C911ED776D4008EDD5E /* Base */ = {isa = PBXFileReference; lastKnownFileType = file.storyboard; name = Base; path = Base.lproj/Main.storyboard; sourceTree = "<group>"; };
		EE653C931ED776D4008EDD5E /* Assets.xcassets */ = {isa = PBXFileReference; lastKnownFileType = folder.assetcatalog; path = Assets.xcassets; sourceTree = "<group>"; };
		EE653C961ED776D4008EDD5E /* Base */ = {isa = PBXFileReference; lastKnownFileType = file.storyboard; name = Base; path = Base.lproj/LaunchScreen.storyboard; sourceTree = "<group>"; };
		EE653C981ED776D4008EDD5E /* Info.plist */ = {isa = PBXFileReference; lastKnownFileType = text.plist.xml; path = Info.plist; sourceTree = "<group>"; };
		EE653C9E1ED77DD5008EDD5E /* botaogerar-pressionado.png */ = {isa = PBXFileReference; lastKnownFileType = image.png; name = "botaogerar-pressionado.png"; path = "../../imagens-app-sorteio/botaogerar-pressionado.png"; sourceTree = "<group>"; };
		EE653C9F1ED77DD5008EDD5E /* botaogerar.png */ = {isa = PBXFileReference; lastKnownFileType = image.png; name = botaogerar.png; path = "../../imagens-app-sorteio/botaogerar.png"; sourceTree = "<group>"; };
		EE653CA01ED77DD5008EDD5E /* logo.png */ = {isa = PBXFileReference; lastKnownFileType = image.png; name = logo.png; path = "../../imagens-app-sorteio/logo.png"; sourceTree = "<group>"; };
/* End PBXFileReference section */

/* Begin PBXFrameworksBuildPhase section */
		EE653C861ED776D4008EDD5E /* Frameworks */ = {
			isa = PBXFrameworksBuildPhase;
			buildActionMask = 2147483647;
			files = (
			);
			runOnlyForDeploymentPostprocessing = 0;
		};
/* End PBXFrameworksBuildPhase section */

/* Begin PBXGroup section */
		EE653C801ED776D3008EDD5E = {
			isa = PBXGroup;
			children = (
				EE653C8B1ED776D4008EDD5E /* App Sorteio */,
				EE653C8A1ED776D4008EDD5E /* Products */,
			);
			sourceTree = "<group>";
		};
		EE653C8A1ED776D4008EDD5E /* Products */ = {
			isa = PBXGroup;
			children = (
				EE653C891ED776D4008EDD5E /* App Sorteio.app */,
			);
			name = Products;
			sourceTree = "<group>";
		};
		EE653C8B1ED776D4008EDD5E /* App Sorteio */ = {
			isa = PBXGroup;
			children = (
				EE653C9E1ED77DD5008EDD5E /* botaogerar-pressionado.png */,
				EE653C9F1ED77DD5008EDD5E /* botaogerar.png */,
				EE653CA01ED77DD5008EDD5E /* logo.png */,
				EE653C8C1ED776D4008EDD5E /* AppDelegate.swift */,
				EE653C8E1ED776D4008EDD5E /* ViewController.swift */,
				EE653C901ED776D4008EDD5E /* Main.storyboard */,
				EE653C931ED776D4008EDD5E /* Assets.xcassets */,
				EE653C951ED776D4008EDD5E /* LaunchScreen.storyboard */,
				EE653C981ED776D4008EDD5E /* Info.plist */,
			);
			path = "App Sorteio";
			sourceTree = "<group>";
		};
/* End PBXGroup section */

/* Begin PBXNativeTarget section */
		EE653C881ED776D4008EDD5E /* App Sorteio */ = {
			isa = PBXNativeTarget;
			buildConfigurationList = EE653C9B1ED776D4008EDD5E /* Build configuration list for PBXNativeTarget "App Sorteio" */;
			buildPhases = (
				EE653C851ED776D4008EDD5E /* Sources */,
				EE653C861ED776D4008EDD5E /* Frameworks */,
				EE653C871ED776D4008EDD5E /* Resources */,
			);
			buildRules = (
			);
			dependencies = (
			);
			name = "App Sorteio";
			productName = "App Sorteio";
			productReference = EE653C891ED776D4008EDD5E /* App Sorteio.app */;
			productType = "com.apple.product-type.application";
		};
/* End PBXNativeTarget section */

/* Begin PBXProject section */
		EE653C811ED776D3008EDD5E /* Project object */ = {
			isa = PBXProject;
			attributes = {
				LastSwiftUpdateCheck = 0830;
				LastUpgradeCheck = 0830;
				ORGANIZATIONNAME = "Joyce Victal Rondon";
				TargetAttributes = {
					EE653C881ED776D4008EDD5E = {
						CreatedOnToolsVersion = 8.3.2;
						ProvisioningStyle = Automatic;
					};
				};
			};
			buildConfigurationList = EE653C841ED776D4008EDD5E /* Build configuration list for PBXProject "App Sorteio" */;
			compatibilityVersion = "Xcode 3.2";
			developmentRegion = English;
			hasScannedForEncodings = 0;
			knownRegions = (
				en,
				Base,
			);
			mainGroup = EE653C801ED776D3008EDD5E;
			productRefGroup = EE653C8A1ED776D4008EDD5E /* Products */;
			projectDirPath = "";
			projectRoot = "";
			targets = (
				EE653C881ED776D4008EDD5E /* App Sorteio */,
			);
		};
/* End PBXProject section */

/* Begin PBXResourcesBuildPhase section */
		EE653C871ED776D4008EDD5E /* Resources */ = {
			isa = PBXResourcesBuildPhase;
			buildActionMask = 2147483647;
			files = (
				EE653C971ED776D4008EDD5E /* LaunchScreen.storyboard in Resources */,
				EE653C941ED776D4008EDD5E /* Assets.xcassets in Resources */,
				EE653CA31ED77DD5008EDD5E /* logo.png in Resources */,
				EE653CA21ED77DD5008EDD5E /* botaogerar.png in Resources */,
				EE653C921ED776D4008EDD5E /* Main.storyboard in Resources */,
				EE653CA11ED77DD5008EDD5E /* botaogerar-pressionado.png in Resources */,
			);
			runOnlyForDeploymentPostprocessing = 0;
		};
/* End PBXResourcesBuildPhase section */

/* Begin PBXSourcesBuildPhase section */
		EE653C851ED776D4008EDD5E /* Sources */ = {
			isa = PBXSourcesBuildPhase;
			buildActionMask = 2147483647;
			files = (
				EE653C8F1ED776D4008EDD5E /* ViewController.swift in Sources */,
				EE653C8D1ED776D4008EDD5E /* AppDelegate.swift in Sources */,
			);
			runOnlyForDeploymentPostprocessing = 0;
		};
/* End PBXSourcesBuildPhase section */

/* Begin PBXVariantGroup section */
		EE653C901ED776D4008EDD5E /* Main.storyboard */ = {
			isa = PBXVariantGroup;
			children = (
				EE653C911ED776D4008EDD5E /* Base */,
			);
			name = Main.storyboard;
			sourceTree = "<group>";
		};
		EE653C951ED776D4008EDD5E /* LaunchScreen.storyboard */ = {
			isa = PBXVariantGroup;
			children = (
				EE653C961ED776D4008EDD5E /* Base */,
			);
			name = LaunchScreen.storyboard;
			sourceTree = "<group>";
		};
/* End PBXVariantGroup section */

/* Begin XCBuildConfiguration section */
		EE653C991ED776D4008EDD5E /* Debug */ = {
			isa = XCBuildConfiguration;
			buildSettings = {
				ALWAYS_SEARCH_USER_PATHS = NO;
				CLANG_ANALYZER_NONNULL = YES;
				CLANG_ANALYZER_NUMBER_OBJECT_CONVERSION = YES_AGGRESSIVE;
				CLANG_CXX_LANGUAGE_STANDARD = "gnu++0x";
				CLANG_CXX_LIBRARY = "libc++";
				CLANG_ENABLE_MODULES = YES;
				CLANG_ENABLE_OBJC_ARC = YES;
				CLANG_WARN_BOOL_CONVERSION = YES;
				CLANG_WARN_CONSTANT_CONVERSION = YES;
				CLANG_WARN_DIRECT_OBJC_ISA_USAGE = YES_ERROR;
				CLANG_WARN_DOCUMENTATION_COMMENTS = YES;
				CLANG_WARN_EMPTY_BODY = YES;
				CLANG_WARN_ENUM_CONVERSION = YES;
				CLANG_WARN_INFINITE_RECURSION = YES;
				CLANG_WARN_INT_CONVERSION = YES;
				CLANG_WARN_OBJC_ROOT_CLASS = YES_ERROR;
				CLANG_WARN_SUSPICIOUS_MOVE = YES;
				CLANG_WARN_UNREACHABLE_CODE = YES;
				CLANG_WARN__DUPLICATE_METHOD_MATCH = YES;
				"CODE_SIGN_IDENTITY[sdk=iphoneos*]" = "iPhone Developer";
				COPY_PHASE_STRIP = NO;
				DEBUG_INFORMATION_FORMAT = dwarf;
				ENABLE_STRICT_OBJC_MSGSEND = YES;
				ENABLE_TESTABILITY = YES;
				GCC_C_LANGUAGE_STANDARD = gnu99;
				GCC_DYNAMIC_NO_PIC = NO;
				GCC_NO_COMMON_BLOCKS = YES;
				GCC_OPTIMIZATION_LEVEL = 0;
				GCC_PREPROCESSOR_DEFINITIONS = (
					"DEBUG=1",
					"$(inherited)",
				);
				GCC_WARN_64_TO_32_BIT_CONVERSION = YES;
				GCC_WARN_ABOUT_RETURN_TYPE = YES_ERROR;
				GCC_WARN_UNDECLARED_SELECTOR = YES;
				GCC_WARN_UNINITIALIZED_AUTOS = YES_AGGRESSIVE;
				GCC_WARN_UNUSED_FUNCTION = YES;
				GCC_WARN_UNUSED_VARIABLE = YES;
				IPHONEOS_DEPLOYMENT_TARGET = 10.3;
				MTL_ENABLE_DEBUG_INFO = YES;
				ONLY_ACTIVE_ARCH = YES;
				SDKROOT = iphoneos;
				SWIFT_ACTIVE_COMPILATION_CONDITIONS = DEBUG;
				SWIFT_OPTIMIZATION_LEVEL = "-Onone";
			};
			name = Debug;
		};
		EE653C9A1ED776D4008EDD5E /* Release */ = {
			isa = XCBuildConfiguration;
			buildSettings = {
				ALWAYS_SEARCH_USER_PATHS = NO;
				CLANG_ANALYZER_NONNULL = YES;
				CLANG_ANALYZER_NUMBER_OBJECT_CONVERSION = YES_AGGRESSIVE;
				CLANG_CXX_LANGUAGE_STANDARD = "gnu++0x";
				CLANG_CXX_LIBRARY = "libc++";
				CLANG_ENABLE_MODULES = YES;
				CLANG_ENABLE_OBJC_ARC = YES;
				CLANG_WARN_BOOL_CONVERSION = YES;
				CLANG_WARN_CONSTANT_CONVERSION = YES;
				CLANG_WARN_DIRECT_OBJC_ISA_USAGE = YES_ERROR;
				CLANG_WARN_DOCUMENTATION_COMMENTS = YES;
				CLANG_WARN_EMPTY_BODY = YES;
				CLANG_WARN_ENUM_CONVERSION = YES;
				CLANG_WARN_INFINITE_RECURSION = YES;
				CLANG_WARN_INT_CONVERSION = YES;
				CLANG_WARN_OBJC_ROOT_CLASS = YES_ERROR;
				CLANG_WARN_SUSPICIOUS_MOVE = YES;
				CLANG_WARN_UNREACHABLE_CODE = YES;
				CLANG_WARN__DUPLICATE_METHOD_MATCH = YES;
				"CODE_SIGN_IDENTITY[sdk=iphoneos*]" = "iPhone Developer";
				COPY_PHASE_STRIP = NO;
				DEBUG_INFORMATION_FORMAT = "dwarf-with-dsym";
				ENABLE_NS_ASSERTIONS = NO;
				ENABLE_STRICT_OBJC_MSGSEND = YES;
				GCC_C_LANGUAGE_STANDARD = gnu99;
				GCC_NO_COMMON_BLOCKS = YES;
				GCC_WARN_64_TO_32_BIT_CONVERSION = YES;
				GCC_WARN_ABOUT_RETURN_TYPE = YES_ERROR;
				GCC_WARN_UNDECLARED_SELECTOR = YES;
				GCC_WARN_UNINITIALIZED_AUTOS = YES_AGGRESSIVE;
				GCC_WARN_UNUSED_FUNCTION = YES;
				GCC_WARN_UNUSED_VARIABLE = YES;
				IPHONEOS_DEPLOYMENT_TARGET = 10.3;
				MTL_ENABLE_DEBUG_INFO = NO;
				SDKROOT = iphoneos;
				SWIFT_OPTIMIZATION_LEVEL = "-Owholemodule";
				VALIDATE_PRODUCT = YES;
			};
			name = Release;
		};
		EE653C9C1ED776D4008EDD5E /* Debug */ = {
			isa = XCBuildConfiguration;
			buildSettings = {
				ASSETCATALOG_COMPILER_APPICON_NAME = AppIcon;
				INFOPLIST_FILE = "App Sorteio/Info.plist";
				LD_RUNPATH_SEARCH_PATHS = "$(inherited) @executable_path/Frameworks";
				PRODUCT_BUNDLE_IDENTIFIER = "com.joycevictal.App-Sorteio";
				PRODUCT_NAME = "$(TARGET_NAME)";
				SWIFT_VERSION = 3.0;
			};
			name = Debug;
		};
		EE653C9D1ED776D4008EDD5E /* Release */ = {
			isa = XCBuildConfiguration;
			buildSettings = {
				ASSETCATALOG_COMPILER_APPICON_NAME = AppIcon;
				INFOPLIST_FILE = "App Sorteio/Info.plist";
				LD_RUNPATH_SEARCH_PATHS = "$(inherited) @executable_path/Frameworks";
				PRODUCT_BUNDLE_IDENTIFIER = "com.joycevictal.App-Sorteio";
				PRODUCT_NAME = "$(TARGET_NAME)";
				SWIFT_VERSION = 3.0;
			};
			name = Release;
		};
/* End XCBuildConfiguration section */

/* Begin XCConfigurationList section */
		EE653C841ED776D4008EDD5E /* Build configuration list for PBXProject "App Sorteio" */ = {
			isa = XCConfigurationList;
			buildConfigurations = (
				EE653C991ED776D4008EDD5E /* Debug */,
				EE653C9A1ED776D4008EDD5E /* Release */,
			);
			defaultConfigurationIsVisible = 0;
			defaultConfigurationName = Release;
		};
		EE653C9B1ED776D4008EDD5E /* Build configuration list for PBXNativeTarget "App Sorteio" */ = {
			isa = XCConfigurationList;
			buildConfigurations = (
				EE653C9C1ED776D4008EDD5E /* Debug */,
				EE653C9D1ED776D4008EDD5E /* Release */,
			);
			defaultConfigurationIsVisible = 0;
		};
/* End XCConfigurationList section */
	};
	rootObject = EE653C811ED776D3008EDD5E /* Project object */;
}
